
Microsoft Visual Studio Solution File, Format Version 12.00
# Visual Studio Version 16
VisualStudioVersion = 16.0.34407.143
MinimumVisualStudioVersion = 10.0.40219.1
Project("{8BC9CEB8-8B4A-11D0-8D11-00A0C91BC942}") = "HFST_Console", "HFST_Console\HFST_Console.vcxproj", "{92232770-D0F5-4F9C-A315-E4ACC797EFB0}"
EndProject
Project("{8BC9CEB8-8B4A-11D0-8D11-00A0C91BC942}") = "HFST_ConnectionLayer", "HFST_ConnectionLayer\HFST_Connector.vcxproj", "{A9261353-9AC9-46DF-825D-BBF7C9FABC30}"
EndProject
Project("{8BC9CEB8-8B4A-11D0-8D11-00A0C91BC942}") = "HFST_WIFI_SDK", "HFST_WIFI_SDK\HFST_WIFI_SDK.vcxproj", "{ADCBC509-619E-4C83-BAE0-8D2025BDF8C0}"
EndProject
Project("{8BC9CEB8-8B4A-11D0-8D11-00A0C91BC942}") = "HFST_CommunicationAPI", "HFST_CommunicationAPI\HFST_CommunicationAPI.vcxproj", "{9ACAD5F5-1819-4A40-8D6F-89CE2EAA7FC2}"
EndProject
Project("{8BC9CEB8-8B4A-11D0-8D11-00A0C91BC942}") = "HFST_Widgets_MFC", "HFST_Widgets_MFC\HFST_Widgets_MFC.vcxproj", "{EA640E47-A8C6-4B9E-838E-62E7EDED7DF7}"
EndProject
Global
	GlobalSection(SolutionConfigurationPlatforms) = preSolution
		Debug|x64 = Debug|x64
		Debug|x86 = Debug|x86
		Release|x64 = Release|x64
		Release|x86 = Release|x86
	EndGlobalSection
	GlobalSection(ProjectConfigurationPlatforms) = postSolution
		{92232770-D0F5-4F9C-A315-E4ACC797EFB0}.Debug|x64.ActiveCfg = Debug|x64
		{92232770-D0F5-4F9C-A315-E4ACC797EFB0}.Debug|x64.Build.0 = Debug|x64
		{92232770-D0F5-4F9C-A315-E4ACC797EFB0}.Debug|x86.ActiveCfg = Debug|Win32
		{92232770-D0F5-4F9C-A315-E4ACC797EFB0}.Debug|x86.Build.0 = Debug|Win32
		{92232770-D0F5-4F9C-A315-E4ACC797EFB0}.Release|x64.ActiveCfg = Release|x64
		{92232770-D0F5-4F9C-A315-E4ACC797EFB0}.Release|x64.Build.0 = Release|x64
		{92232770-D0F5-4F9C-A315-E4ACC797EFB0}.Release|x86.ActiveCfg = Release|Win32
		{92232770-D0F5-4F9C-A315-E4ACC797EFB0}.Release|x86.Build.0 = Release|Win32
		{A9261353-9AC9-46DF-825D-BBF7C9FABC30}.Debug|x64.ActiveCfg = Debug|x64
		{A9261353-9AC9-46DF-825D-BBF7C9FABC30}.Debug|x64.Build.0 = Debug|x64
		{A9261353-9AC9-46DF-825D-BBF7C9FABC30}.Debug|x86.ActiveCfg = Debug|Win32
		{A9261353-9AC9-46DF-825D-BBF7C9FABC30}.Debug|x86.Build.0 = Debug|Win32
		{A9261353-9AC9-46DF-825D-BBF7C9FABC30}.Release|x64.ActiveCfg = Release|x64
		{A9261353-9AC9-46DF-825D-BBF7C9FABC30}.Release|x64.Build.0 = Release|x64
		{A9261353-9AC9-46DF-825D-BBF7C9FABC30}.Release|x86.ActiveCfg = Release|Win32
		{A9261353-9AC9-46DF-825D-BBF7C9FABC30}.Release|x86.Build.0 = Release|Win32
		{ADCBC509-619E-4C83-BAE0-8D2025BDF8C0}.Debug|x64.ActiveCfg = Debug|x64
		{ADCBC509-619E-4C83-BAE0-8D2025BDF8C0}.Debug|x64.Build.0 = Debug|x64
		{ADCBC509-619E-4C83-BAE0-8D2025BDF8C0}.Debug|x86.ActiveCfg = Debug|Win32
		{ADCBC509-619E-4C83-BAE0-8D2025BDF8C0}.Debug|x86.Build.0 = Debug|Win32
		{ADCBC509-619E-4C83-BAE0-8D2025BDF8C0}.Release|x64.ActiveCfg = Release|x64
		{ADCBC509-619E-4C83-BAE0-8D2025BDF8C0}.Release|x64.Build.0 = Release|x64
		{ADCBC509-619E-4C83-BAE0-8D2025BDF8C0}.Release|x86.ActiveCfg = Release|Win32
		{ADCBC509-619E-4C83-BAE0-8D2025BDF8C0}.Release|x86.Build.0 = Release|Win32
		{9ACAD5F5-1819-4A40-8D6F-89CE2EAA7FC2}.Debug|x64.ActiveCfg = Debug|x64
		{9ACAD5F5-1819-4A40-8D6F-89CE2EAA7FC2}.Debug|x64.Build.0 = Debug|x64
		{9ACAD5F5-1819-4A40-8D6F-89CE2EAA7FC2}.Debug|x86.ActiveCfg = Debug|Win32
		{9ACAD5F5-1819-4A40-8D6F-89CE2EAA7FC2}.Debug|x86.Build.0 = Debug|Win32
		{9ACAD5F5-1819-4A40-8D6F-89CE2EAA7FC2}.Release|x64.ActiveCfg = Release|x64
		{9ACAD5F5-1819-4A40-8D6F-89CE2EAA7FC2}.Release|x64.Build.0 = Release|x64
		{9ACAD5F5-1819-4A40-8D6F-89CE2EAA7FC2}.Release|x86.ActiveCfg = Release|Win32
		{9ACAD5F5-1819-4A40-8D6F-89CE2EAA7FC2}.Release|x86.Build.0 = Release|Win32
		{EA640E47-A8C6-4B9E-838E-62E7EDED7DF7}.Debug|x64.ActiveCfg = Debug|x64
		{EA640E47-A8C6-4B9E-838E-62E7EDED7DF7}.Debug|x64.Build.0 = Debug|x64
		{EA640E47-A8C6-4B9E-838E-62E7EDED7DF7}.Debug|x86.ActiveCfg = Debug|Win32
		{EA640E47-A8C6-4B9E-838E-62E7EDED7DF7}.Debug|x86.Build.0 = Debug|Win32
		{EA640E47-A8C6-4B9E-838E-62E7EDED7DF7}.Release|x64.ActiveCfg = Release|x64
		{EA640E47-A8C6-4B9E-838E-62E7EDED7DF7}.Release|x64.Build.0 = Release|x64
		{EA640E47-A8C6-4B9E-838E-62E7EDED7DF7}.Release|x86.ActiveCfg = Release|Win32
		{EA640E47-A8C6-4B9E-838E-62E7EDED7DF7}.Release|x86.Build.0 = Release|Win32
	EndGlobalSection
	GlobalSection(SolutionProperties) = preSolution
		HideSolutionNode = FALSE
	EndGlobalSection
	GlobalSection(ExtensibilityGlobals) = postSolution
		SolutionGuid = {6BC0761B-F97E-499C-B73A-A706D1A41E13}
	EndGlobalSection
EndGlobal
