<?xml version="1.0" encoding="utf-8"?>
<Project ToolsVersion="4.0" xmlns="http://schemas.microsoft.com/developer/msbuild/2003">
  <ItemGroup>
    <Filter Include="源文件">
      <UniqueIdentifier>{4FC737F1-C7A5-4376-A066-2A32D752A2FF}</UniqueIdentifier>
      <Extensions>cpp;c;cc;cxx;c++;cppm;ixx;def;odl;idl;hpj;bat;asm;asmx</Extensions>
    </Filter>
    <Filter Include="头文件">
      <UniqueIdentifier>{93995380-89BD-4b04-88EB-625FBE52EBFB}</UniqueIdentifier>
      <Extensions>h;hh;hpp;hxx;h++;hm;inl;inc;ipp;xsd</Extensions>
    </Filter>
    <Filter Include="资源文件">
      <UniqueIdentifier>{67DA6AB6-F800-4c08-8B7A-83BB121AAD01}</UniqueIdentifier>
      <Extensions>rc;ico;cur;bmp;dlg;rc2;rct;bin;rgs;gif;jpg;jpeg;jpe;resx;tiff;tif;png;wav;mfcribbon-ms</Extensions>
    </Filter>
  </ItemGroup>
  <ItemGroup>
    <ClInclude Include="pch.h">
      <Filter>头文件</Filter>
    </ClInclude>
    <ClInclude Include="src\DLL\HFST_FuncLoader.hpp">
      <Filter>头文件</Filter>
    </ClInclude>
    <ClInclude Include="src\Core\HFST_Exception.hpp">
      <Filter>头文件</Filter>
    </ClInclude>
    <ClInclude Include="Dependency\include\BulkDll.h">
      <Filter>头文件</Filter>
    </ClInclude>
    <ClInclude Include="Dependency\include\TestLibA8008.h">
      <Filter>头文件</Filter>
    </ClInclude>
    <ClInclude Include="Dependency\include\TPTST6.h">
      <Filter>头文件</Filter>
    </ClInclude>
    <ClInclude Include="Dependency\include\TTK_Communication_API.h">
      <Filter>头文件</Filter>
    </ClInclude>
    <ClInclude Include="Dependency\include\USBHID.h">
      <Filter>头文件</Filter>
    </ClInclude>
    <ClInclude Include="src\DLL\HFST_FunctionExport.hpp">
      <Filter>头文件</Filter>
    </ClInclude>
    <ClInclude Include="Dependency\include\Win_USB_Driver.h">
      <Filter>头文件</Filter>
    </ClInclude>
    <ClInclude Include="src\Connector\Bridge\HFST_DeviceManager.hpp">
      <Filter>头文件</Filter>
    </ClInclude>
    <ClInclude Include="src\Connector\HFST_Connector.hpp">
      <Filter>头文件</Filter>
    </ClInclude>
    <ClInclude Include="src\DLL\HFST_DllLoader.hpp">
      <Filter>头文件</Filter>
    </ClInclude>
    <ClInclude Include="src\DLL\HFST_APICenter.hpp">
      <Filter>头文件</Filter>
    </ClInclude>
    <ClInclude Include="src\Connector\IC\HFST_TouchDevice.hpp">
      <Filter>头文件</Filter>
    </ClInclude>
    <ClInclude Include="src\Connector\IC\HFST_StaticTemplateFunctions.hpp">
      <Filter>头文件</Filter>
    </ClInclude>
    <ClInclude Include="src\UI\HFST_DummyWindow.hpp">
      <Filter>头文件</Filter>
    </ClInclude>
    <ClInclude Include="src\Core\HFST_CommonHeader.hpp">
      <Filter>头文件</Filter>
    </ClInclude>
    <ClInclude Include="src\RawData\HFST_RawCollector.hpp">
      <Filter>头文件</Filter>
    </ClInclude>
    <ClInclude Include="src\RawData\HFST_IRawFormat.hpp">
      <Filter>头文件</Filter>
    </ClInclude>
    <ClInclude Include="src\CommandIO\HFST_CommandIO.hpp">
      <Filter>头文件</Filter>
    </ClInclude>
    <ClInclude Include="src\RawData\HFST_RawFormatA8018_Mutual.hpp">
      <Filter>头文件</Filter>
    </ClInclude>
    <ClInclude Include="src\RawData\HFST_RawFormatA8018_Self.hpp">
      <Filter>头文件</Filter>
    </ClInclude>
    <ClInclude Include="src\Connector\Bridge\HFST_TouchLink.hpp">
      <Filter>头文件</Filter>
    </ClInclude>
    <ClInclude Include="src\Connector\Bridge\HFST_Bridge.hpp">
      <Filter>头文件</Filter>
    </ClInclude>
    <ClInclude Include="src\Connector\IC\HFST_CFG.hpp">
      <Filter>头文件</Filter>
    </ClInclude>
    <ClInclude Include="src\Connector\HFST_FW.hpp">
      <Filter>头文件</Filter>
    </ClInclude>
    <ClInclude Include="src\Connector\IC\HFST_Flash.hpp">
      <Filter>头文件</Filter>
    </ClInclude>
  </ItemGroup>
  <ItemGroup>
    <ClCompile Include="pch.cpp">
      <Filter>源文件</Filter>
    </ClCompile>
    <ClCompile Include="src\DLL\HFST_FuncLoader.cpp">
      <Filter>源文件</Filter>
    </ClCompile>
    <ClCompile Include="src\Core\HFST_Exception.cpp">
      <Filter>源文件</Filter>
    </ClCompile>
    <ClCompile Include="src\Connector\HFST_Connector.cpp">
      <Filter>源文件</Filter>
    </ClCompile>
    <ClCompile Include="src\DLL\HFST_DllLoader.cpp">
      <Filter>源文件</Filter>
    </ClCompile>
    <ClCompile Include="src\Connector\Bridge\HFST_DeviceManager.cpp">
      <Filter>源文件</Filter>
    </ClCompile>
    <ClCompile Include="src\UI\HFST_DummyWindow.cpp">
      <Filter>源文件</Filter>
    </ClCompile>
    <ClCompile Include="src\RawData\HFST_RawCollector.cpp">
      <Filter>源文件</Filter>
    </ClCompile>
    <ClCompile Include="src\RawData\HFST_IRawFormat.cpp">
      <Filter>源文件</Filter>
    </ClCompile>
    <ClCompile Include="src\CommandIO\HFST_CommandIO.cpp">
      <Filter>源文件</Filter>
    </ClCompile>
    <ClCompile Include="src\RawData\HFST_RawFormatA8018_Mutual.cpp">
      <Filter>源文件</Filter>
    </ClCompile>
    <ClCompile Include="src\RawData\HFST_RawFormatA8018_Self.cpp">
      <Filter>源文件</Filter>
    </ClCompile>
    <ClCompile Include="src\Connector\Bridge\HFST_TouchLink.cpp">
      <Filter>源文件</Filter>
    </ClCompile>
    <ClCompile Include="src\DLL\HFST_APICenter.cpp">
      <Filter>源文件</Filter>
    </ClCompile>
    <ClCompile Include="src\Connector\Bridge\HFST_Bridge.cpp">
      <Filter>源文件</Filter>
    </ClCompile>
    <ClCompile Include="src\Connector\IC\HFST_CFG.cpp">
      <Filter>源文件</Filter>
    </ClCompile>
    <ClCompile Include="src\Connector\HFST_FW.cpp">
      <Filter>源文件</Filter>
    </ClCompile>
    <ClCompile Include="src\Connector\IC\HFST_Flash.cpp">
      <Filter>源文件</Filter>
    </ClCompile>
  </ItemGroup>
  <ItemGroup>
    <None Include="Dependency\dll\BulkDll.dll" />
    <None Include="Dependency\dll\HFST_ADB_SDK.dll" />
    <None Include="Dependency\dll\HFST_HID_SDK.dll" />
    <None Include="Dependency\dll\HFST_HopGain_ST1802.dll" />
    <None Include="Dependency\dll\HFST_LCMTest_A8018.dll" />
    <None Include="Dependency\dll\HFST_LCMTest_ST1802.dll" />
    <None Include="Dependency\dll\HFST_PhaseSearch_ST1802.dll" />
    <None Include="Dependency\dll\HFST_WinUSB_Driver.dll" />
    <None Include="Dependency\dll\LCMTestTool_ST1802.dll" />
    <None Include="Dependency\dll\LCMTestTool_ST7125.dll" />
    <None Include="Dependency\dll\PhaseSearch_ST1802.dll" />
    <None Include="Dependency\dll\PhaseSearch_ST7125.dll" />
    <None Include="Dependency\dll\TTK_Communication_API_A8008.dll" />
    <None Include="Dependency\dll\TTK_Communication_API_A8010.dll" />
    <None Include="Dependency\dll\TTK_Communication_API_A8011.dll" />
    <None Include="Dependency\dll\TTK_Communication_API_A8015.dll" />
    <None Include="Dependency\dll\TTK_Communication_API_A8018.dll" />
    <None Include="Dependency\dll\TTK_Communication_API_ST1801.dll" />
    <None Include="Dependency\dll\TTK_Communication_API_ST1802.dll" />
    <None Include="Dependency\dll\USBHID.dll" />
    <None Include="Dependency\dll\Visa32.dll" />
  </ItemGroup>
</Project>